
Microsoft Visual Studio Solution File, Format Version 12.00
# Visual Studio Version 16
VisualStudioVersion = 16.0.31613.86
MinimumVisualStudioVersion = 10.0.40219.1
Project("{FAE04EC0-301F-11D3-BF4B-00C04F79EFBC}") = "MicroGUI", "MicroGUI\MicroGUI.csproj", "{B2565FAF-1F87-441D-A220-518E4166EBA7}"
EndProject
Global
	GlobalSection(SolutionConfigurationPlatforms) = preSolution
		Debug|Any CPU = Debug|Any CPU
		Release|Any CPU = Release|Any CPU
	EndGlobalSection
	GlobalSection(ProjectConfigurationPlatforms) = postSolution
		{B2565FAF-1F87-441D-A220-518E4166EBA7}.Debug|Any CPU.ActiveCfg = Debug|Any CPU
		{B2565FAF-1F87-441D-A220-518E4166EBA7}.Debug|Any CPU.Build.0 = Debug|Any CPU
		{B2565FAF-1F87-441D-A220-518E4166EBA7}.Release|Any CPU.ActiveCfg = Release|Any CPU
		{B2565FAF-1F87-441D-A220-518E4166EBA7}.Release|Any CPU.Build.0 = Release|Any CPU
	EndGlobalSection
	GlobalSection(SolutionProperties) = preSolution
		HideSolutionNode = FALSE
	EndGlobalSection
	GlobalSection(ExtensibilityGlobals) = postSolution
		SolutionGuid = {418BFBE0-2DB8-4281-A645-F3B712017046}
	EndGlobalSection
EndGlobal
